
Microsoft Visual Studio Solution File, Format Version 12.00
# Visual Studio 15
VisualStudioVersion = 15.0.28010.2036
MinimumVisualStudioVersion = 10.0.40219.1
Project("{FAE04EC0-301F-11D3-BF4B-00C04F79EFBC}") = "op07", "op07\op07.csproj", "{7C2672FD-352B-4500-8A2B-B5FD876F864A}"
EndProject
Global
	GlobalSection(SolutionConfigurationPlatforms) = preSolution
		Debug|Any CPU = Debug|Any CPU
		Release|Any CPU = Release|Any CPU
	EndGlobalSection
	GlobalSection(ProjectConfigurationPlatforms) = postSolution
		{7C2672FD-352B-4500-8A2B-B5FD876F864A}.Debug|Any CPU.ActiveCfg = Debug|Any CPU
		{7C2672FD-352B-4500-8A2B-B5FD876F864A}.Debug|Any CPU.Build.0 = Debug|Any CPU
		{7C2672FD-352B-4500-8A2B-B5FD876F864A}.Release|Any CPU.ActiveCfg = Release|Any CPU
		{7C2672FD-352B-4500-8A2B-B5FD876F864A}.Release|Any CPU.Build.0 = Release|Any CPU
	EndGlobalSection
	GlobalSection(SolutionProperties) = preSolution
		HideSolutionNode = FALSE
	EndGlobalSection
	GlobalSection(ExtensibilityGlobals) = postSolution
		SolutionGuid = {CD380DD5-819F-46A9-A3D0-69EC2968302D}
	EndGlobalSection
EndGlobal
